// !$*UTF8*$!
{
	archiveVersion = 1;
	classes = {
	};
	objectVersion = 46;
	objects = {

/* Begin PBXBuildFile section */
		8A739519AA124725A875D389 /* libPods.a in Frameworks */ = {isa = PBXBuildFile; fileRef = E6FAFAF1F71349388DB9BD4B /* libPods.a */; };
		BB468DCB1814302C00D99E8F /* Foundation.framework in Frameworks */ = {isa = PBXBuildFile; fileRef = BB468DCA1814302C00D99E8F /* Foundation.framework */; };
		BB468DCD1814302C00D99E8F /* CoreGraphics.framework in Frameworks */ = {isa = PBXBuildFile; fileRef = BB468DCC1814302C00D99E8F /* CoreGraphics.framework */; };
		BB468DCF1814302C00D99E8F /* UIKit.framework in Frameworks */ = {isa = PBXBuildFile; fileRef = BB468DCE1814302C00D99E8F /* UIKit.framework */; };
		BB468DD51814302C00D99E8F /* InfoPlist.strings in Resources */ = {isa = PBXBuildFile; fileRef = BB468DD31814302C00D99E8F /* InfoPlist.strings */; };
		BB468DD71814302C00D99E8F /* main.m in Sources */ = {isa = PBXBuildFile; fileRef = BB468DD61814302C00D99E8F /* main.m */; };
		BB468DDB1814302C00D99E8F /* AppDelegate.m in Sources */ = {isa = PBXBuildFile; fileRef = BB468DDA1814302C00D99E8F /* AppDelegate.m */; };
		BB468DDE1814302C00D99E8F /* Main_iPhone.storyboard in Resources */ = {isa = PBXBuildFile; fileRef = BB468DDC1814302C00D99E8F /* Main_iPhone.storyboard */; };
		BB468DE11814302C00D99E8F /* Main_iPad.storyboard in Resources */ = {isa = PBXBuildFile; fileRef = BB468DDF1814302C00D99E8F /* Main_iPad.storyboard */; };
		BB468DE61814302C00D99E8F /* Images.xcassets in Resources */ = {isa = PBXBuildFile; fileRef = BB468DE51814302C00D99E8F /* Images.xcassets */; };
		BB468DED1814302C00D99E8F /* XCTest.framework in Frameworks */ = {isa = PBXBuildFile; fileRef = BB468DEC1814302C00D99E8F /* XCTest.framework */; };
		BB468DEE1814302C00D99E8F /* Foundation.framework in Frameworks */ = {isa = PBXBuildFile; fileRef = BB468DCA1814302C00D99E8F /* Foundation.framework */; };
		BB468DEF1814302C00D99E8F /* UIKit.framework in Frameworks */ = {isa = PBXBuildFile; fileRef = BB468DCE1814302C00D99E8F /* UIKit.framework */; };
		BB468DF71814302C00D99E8F /* InfoPlist.strings in Resources */ = {isa = PBXBuildFile; fileRef = BB468DF51814302C00D99E8F /* InfoPlist.strings */; };
		BB468DF91814302C00D99E8F /* iOS_7_FunboxTests.m in Sources */ = {isa = PBXBuildFile; fileRef = BB468DF81814302C00D99E8F /* iOS_7_FunboxTests.m */; };
		BB6F6160181C7FDE00CF5436 /* TagView.m in Sources */ = {isa = PBXBuildFile; fileRef = BB6F615F181C7FDE00CF5436 /* TagView.m */; };
		BB905EAB181A0B4100D53D5C /* ImageBoxViewController.m in Sources */ = {isa = PBXBuildFile; fileRef = BB905EAA181A0B4100D53D5C /* ImageBoxViewController.m */; };
		BB905EAF181A2CEF00D53D5C /* TourViewController.m in Sources */ = {isa = PBXBuildFile; fileRef = BB905EAD181A2CEF00D53D5C /* TourViewController.m */; };
		BBBFA929181A01CB00000894 /* PlaygroundViewController.m in Sources */ = {isa = PBXBuildFile; fileRef = BBBFA928181A01CB00000894 /* PlaygroundViewController.m */; };
		BBBFA92B181A06AB00000894 /* scene.JPG in Resources */ = {isa = PBXBuildFile; fileRef = BBBFA92A181A06AB00000894 /* scene.JPG */; };
		BBCF51DF181B704000395D7C /* DetailViewController.m in Sources */ = {isa = PBXBuildFile; fileRef = BBCF51DE181B704000395D7C /* DetailViewController.m */; };
		BBCF51E2181B731B00395D7C /* TGTransitionAnimator.m in Sources */ = {isa = PBXBuildFile; fileRef = BBCF51E1181B731B00395D7C /* TGTransitionAnimator.m */; };
		BBFF3026181B8FB400DB629A /* GalleryViewController.m in Sources */ = {isa = PBXBuildFile; fileRef = BBFF3025181B8FB400DB629A /* GalleryViewController.m */; };
		BBFF3029181B934300DB629A /* GalleryViewCell.m in Sources */ = {isa = PBXBuildFile; fileRef = BBFF3028181B934300DB629A /* GalleryViewCell.m */; };
/* End PBXBuildFile section */

/* Begin PBXContainerItemProxy section */
		BB468DF01814302C00D99E8F /* PBXContainerItemProxy */ = {
			isa = PBXContainerItemProxy;
			containerPortal = BB468DBF1814302C00D99E8F /* Project object */;
			proxyType = 1;
			remoteGlobalIDString = BB468DC61814302C00D99E8F;
			remoteInfo = "iOS 7 Funbox";
		};
/* End PBXContainerItemProxy section */

/* Begin PBXFileReference section */
		3180E944A9D14AD78D524B1E /* Pods.xcconfig */ = {isa = PBXFileReference; includeInIndex = 1; lastKnownFileType = text.xcconfig; name = Pods.xcconfig; path = Pods/Pods.xcconfig; sourceTree = "<group>"; };
		BB468DC71814302C00D99E8F /* iOS 7 Funbox.app */ = {isa = PBXFileReference; explicitFileType = wrapper.application; includeInIndex = 0; path = "iOS 7 Funbox.app"; sourceTree = BUILT_PRODUCTS_DIR; };
		BB468DCA1814302C00D99E8F /* Foundation.framework */ = {isa = PBXFileReference; lastKnownFileType = wrapper.framework; name = Foundation.framework; path = System/Library/Frameworks/Foundation.framework; sourceTree = SDKROOT; };
		BB468DCC1814302C00D99E8F /* CoreGraphics.framework */ = {isa = PBXFileReference; lastKnownFileType = wrapper.framework; name = CoreGraphics.framework; path = System/Library/Frameworks/CoreGraphics.framework; sourceTree = SDKROOT; };
		BB468DCE1814302C00D99E8F /* UIKit.framework */ = {isa = PBXFileReference; lastKnownFileType = wrapper.framework; name = UIKit.framework; path = System/Library/Frameworks/UIKit.framework; sourceTree = SDKROOT; };
		BB468DD21814302C00D99E8F /* iOS 7 Funbox-Info.plist */ = {isa = PBXFileReference; lastKnownFileType = text.plist.xml; path = "iOS 7 Funbox-Info.plist"; sourceTree = "<group>"; };
		BB468DD41814302C00D99E8F /* en */ = {isa = PBXFileReference; lastKnownFileType = text.plist.strings; name = en; path = en.lproj/InfoPlist.strings; sourceTree = "<group>"; };
		BB468DD61814302C00D99E8F /* main.m */ = {isa = PBXFileReference; lastKnownFileType = sourcecode.c.objc; path = main.m; sourceTree = "<group>"; };
		BB468DD81814302C00D99E8F /* iOS 7 Funbox-Prefix.pch */ = {isa = PBXFileReference; lastKnownFileType = sourcecode.c.h; path = "iOS 7 Funbox-Prefix.pch"; sourceTree = "<group>"; };
		BB468DD91814302C00D99E8F /* AppDelegate.h */ = {isa = PBXFileReference; lastKnownFileType = sourcecode.c.h; path = AppDelegate.h; sourceTree = "<group>"; };
		BB468DDA1814302C00D99E8F /* AppDelegate.m */ = {isa = PBXFileReference; lastKnownFileType = sourcecode.c.objc; path = AppDelegate.m; sourceTree = "<group>"; };
		BB468DDD1814302C00D99E8F /* Base */ = {isa = PBXFileReference; lastKnownFileType = file.storyboard; name = Base; path = Base.lproj/Main_iPhone.storyboard; sourceTree = "<group>"; };
		BB468DE01814302C00D99E8F /* Base */ = {isa = PBXFileReference; lastKnownFileType = file.storyboard; name = Base; path = Base.lproj/Main_iPad.storyboard; sourceTree = "<group>"; };
		BB468DE51814302C00D99E8F /* Images.xcassets */ = {isa = PBXFileReference; lastKnownFileType = folder.assetcatalog; path = Images.xcassets; sourceTree = "<group>"; };
		BB468DEB1814302C00D99E8F /* iOS 7 FunboxTests.xctest */ = {isa = PBXFileReference; explicitFileType = wrapper.cfbundle; includeInIndex = 0; path = "iOS 7 FunboxTests.xctest"; sourceTree = BUILT_PRODUCTS_DIR; };
		BB468DEC1814302C00D99E8F /* XCTest.framework */ = {isa = PBXFileReference; lastKnownFileType = wrapper.framework; name = XCTest.framework; path = Library/Frameworks/XCTest.framework; sourceTree = DEVELOPER_DIR; };
		BB468DF41814302C00D99E8F /* iOS 7 FunboxTests-Info.plist */ = {isa = PBXFileReference; lastKnownFileType = text.plist.xml; path = "iOS 7 FunboxTests-Info.plist"; sourceTree = "<group>"; };
		BB468DF61814302C00D99E8F /* en */ = {isa = PBXFileReference; lastKnownFileType = text.plist.strings; name = en; path = en.lproj/InfoPlist.strings; sourceTree = "<group>"; };
		BB468DF81814302C00D99E8F /* iOS_7_FunboxTests.m */ = {isa = PBXFileReference; lastKnownFileType = sourcecode.c.objc; path = iOS_7_FunboxTests.m; sourceTree = "<group>"; };
		BB6F615E181C7FDE00CF5436 /* TagView.h */ = {isa = PBXFileReference; fileEncoding = 4; lastKnownFileType = sourcecode.c.h; path = TagView.h; sourceTree = "<group>"; };
		BB6F615F181C7FDE00CF5436 /* TagView.m */ = {isa = PBXFileReference; fileEncoding = 4; lastKnownFileType = sourcecode.c.objc; path = TagView.m; sourceTree = "<group>"; };
		BB905EA9181A0B4100D53D5C /* ImageBoxViewController.h */ = {isa = PBXFileReference; fileEncoding = 4; lastKnownFileType = sourcecode.c.h; path = ImageBoxViewController.h; sourceTree = "<group>"; };
		BB905EAA181A0B4100D53D5C /* ImageBoxViewController.m */ = {isa = PBXFileReference; fileEncoding = 4; lastKnownFileType = sourcecode.c.objc; path = ImageBoxViewController.m; sourceTree = "<group>"; };
		BB905EAC181A2CEF00D53D5C /* TourViewController.h */ = {isa = PBXFileReference; fileEncoding = 4; lastKnownFileType = sourcecode.c.h; path = TourViewController.h; sourceTree = "<group>"; };
		BB905EAD181A2CEF00D53D5C /* TourViewController.m */ = {isa = PBXFileReference; fileEncoding = 4; lastKnownFileType = sourcecode.c.objc; path = TourViewController.m; sourceTree = "<group>"; };
		BBBFA927181A01CB00000894 /* PlaygroundViewController.h */ = {isa = PBXFileReference; fileEncoding = 4; lastKnownFileType = sourcecode.c.h; path = PlaygroundViewController.h; sourceTree = "<group>"; };
		BBBFA928181A01CB00000894 /* PlaygroundViewController.m */ = {isa = PBXFileReference; fileEncoding = 4; lastKnownFileType = sourcecode.c.objc; path = PlaygroundViewController.m; sourceTree = "<group>"; };
		BBBFA92A181A06AB00000894 /* scene.JPG */ = {isa = PBXFileReference; lastKnownFileType = image.jpeg; name = scene.JPG; path = scene/scene.JPG; sourceTree = "<group>"; };
		BBCF51DD181B704000395D7C /* DetailViewController.h */ = {isa = PBXFileReference; fileEncoding = 4; lastKnownFileType = sourcecode.c.h; path = DetailViewController.h; sourceTree = "<group>"; };
		BBCF51DE181B704000395D7C /* DetailViewController.m */ = {isa = PBXFileReference; fileEncoding = 4; lastKnownFileType = sourcecode.c.objc; path = DetailViewController.m; sourceTree = "<group>"; };
		BBCF51E0181B731B00395D7C /* TGTransitionAnimator.h */ = {isa = PBXFileReference; fileEncoding = 4; lastKnownFileType = sourcecode.c.h; path = TGTransitionAnimator.h; sourceTree = "<group>"; };
		BBCF51E1181B731B00395D7C /* TGTransitionAnimator.m */ = {isa = PBXFileReference; fileEncoding = 4; lastKnownFileType = sourcecode.c.objc; path = TGTransitionAnimator.m; sourceTree = "<group>"; };
		BBFF3024181B8FB400DB629A /* GalleryViewController.h */ = {isa = PBXFileReference; fileEncoding = 4; lastKnownFileType = sourcecode.c.h; path = GalleryViewController.h; sourceTree = "<group>"; };
		BBFF3025181B8FB400DB629A /* GalleryViewController.m */ = {isa = PBXFileReference; fileEncoding = 4; lastKnownFileType = sourcecode.c.objc; path = GalleryViewController.m; sourceTree = "<group>"; };
		BBFF3027181B934300DB629A /* GalleryViewCell.h */ = {isa = PBXFileReference; fileEncoding = 4; lastKnownFileType = sourcecode.c.h; path = GalleryViewCell.h; sourceTree = "<group>"; };
		BBFF3028181B934300DB629A /* GalleryViewCell.m */ = {isa = PBXFileReference; fileEncoding = 4; lastKnownFileType = sourcecode.c.objc; path = GalleryViewCell.m; sourceTree = "<group>"; };
		E6FAFAF1F71349388DB9BD4B /* libPods.a */ = {isa = PBXFileReference; explicitFileType = archive.ar; includeInIndex = 0; path = libPods.a; sourceTree = BUILT_PRODUCTS_DIR; };
/* End PBXFileReference section */

/* Begin PBXFrameworksBuildPhase section */
		BB468DC41814302C00D99E8F /* Frameworks */ = {
			isa = PBXFrameworksBuildPhase;
			buildActionMask = 2147483647;
			files = (
				BB468DCD1814302C00D99E8F /* CoreGraphics.framework in Frameworks */,
				BB468DCF1814302C00D99E8F /* UIKit.framework in Frameworks */,
				BB468DCB1814302C00D99E8F /* Foundation.framework in Frameworks */,
				8A739519AA124725A875D389 /* libPods.a in Frameworks */,
			);
			runOnlyForDeploymentPostprocessing = 0;
		};
		BB468DE81814302C00D99E8F /* Frameworks */ = {
			isa = PBXFrameworksBuildPhase;
			buildActionMask = 2147483647;
			files = (
				BB468DED1814302C00D99E8F /* XCTest.framework in Frameworks */,
				BB468DEF1814302C00D99E8F /* UIKit.framework in Frameworks */,
				BB468DEE1814302C00D99E8F /* Foundation.framework in Frameworks */,
			);
			runOnlyForDeploymentPostprocessing = 0;
		};
/* End PBXFrameworksBuildPhase section */

/* Begin PBXGroup section */
		BB468DBE1814302C00D99E8F = {
			isa = PBXGroup;
			children = (
				BB468DD01814302C00D99E8F /* iOS 7 Funbox */,
				BB468DF21814302C00D99E8F /* iOS 7 FunboxTests */,
				BB468DC91814302C00D99E8F /* Frameworks */,
				BB468DC81814302C00D99E8F /* Products */,
				3180E944A9D14AD78D524B1E /* Pods.xcconfig */,
			);
			sourceTree = "<group>";
		};
		BB468DC81814302C00D99E8F /* Products */ = {
			isa = PBXGroup;
			children = (
				BB468DC71814302C00D99E8F /* iOS 7 Funbox.app */,
				BB468DEB1814302C00D99E8F /* iOS 7 FunboxTests.xctest */,
			);
			name = Products;
			sourceTree = "<group>";
		};
		BB468DC91814302C00D99E8F /* Frameworks */ = {
			isa = PBXGroup;
			children = (
				BB468DCA1814302C00D99E8F /* Foundation.framework */,
				BB468DCC1814302C00D99E8F /* CoreGraphics.framework */,
				BB468DCE1814302C00D99E8F /* UIKit.framework */,
				BB468DEC1814302C00D99E8F /* XCTest.framework */,
				E6FAFAF1F71349388DB9BD4B /* libPods.a */,
			);
			name = Frameworks;
			sourceTree = "<group>";
		};
		BB468DD01814302C00D99E8F /* iOS 7 Funbox */ = {
			isa = PBXGroup;
			children = (
				BBFF3023181B8F3A00DB629A /* Controls */,
				BB468DD91814302C00D99E8F /* AppDelegate.h */,
				BB468DDA1814302C00D99E8F /* AppDelegate.m */,
				BB468DDC1814302C00D99E8F /* Main_iPhone.storyboard */,
				BB468DDF1814302C00D99E8F /* Main_iPad.storyboard */,
				BB468DE51814302C00D99E8F /* Images.xcassets */,
				BBBFA92A181A06AB00000894 /* scene.JPG */,
				BB468DD11814302C00D99E8F /* Supporting Files */,
				BBBFA927181A01CB00000894 /* PlaygroundViewController.h */,
				BBBFA928181A01CB00000894 /* PlaygroundViewController.m */,
				BB905EA9181A0B4100D53D5C /* ImageBoxViewController.h */,
				BB905EAA181A0B4100D53D5C /* ImageBoxViewController.m */,
				BB905EAC181A2CEF00D53D5C /* TourViewController.h */,
				BB905EAD181A2CEF00D53D5C /* TourViewController.m */,
				BBCF51DD181B704000395D7C /* DetailViewController.h */,
				BBCF51DE181B704000395D7C /* DetailViewController.m */,
				BBCF51E0181B731B00395D7C /* TGTransitionAnimator.h */,
				BBCF51E1181B731B00395D7C /* TGTransitionAnimator.m */,
			);
			path = "iOS 7 Funbox";
			sourceTree = "<group>";
		};
		BB468DD11814302C00D99E8F /* Supporting Files */ = {
			isa = PBXGroup;
			children = (
				BB468DD21814302C00D99E8F /* iOS 7 Funbox-Info.plist */,
				BB468DD31814302C00D99E8F /* InfoPlist.strings */,
				BB468DD61814302C00D99E8F /* main.m */,
				BB468DD81814302C00D99E8F /* iOS 7 Funbox-Prefix.pch */,
			);
			name = "Supporting Files";
			sourceTree = "<group>";
		};
		BB468DF21814302C00D99E8F /* iOS 7 FunboxTests */ = {
			isa = PBXGroup;
			children = (
				BB468DF81814302C00D99E8F /* iOS_7_FunboxTests.m */,
				BB468DF31814302C00D99E8F /* Supporting Files */,
			);
			path = "iOS 7 FunboxTests";
			sourceTree = "<group>";
		};
		BB468DF31814302C00D99E8F /* Supporting Files */ = {
			isa = PBXGroup;
			children = (
				BB468DF41814302C00D99E8F /* iOS 7 FunboxTests-Info.plist */,
				BB468DF51814302C00D99E8F /* InfoPlist.strings */,
			);
			name = "Supporting Files";
			sourceTree = "<group>";
		};
		BBFF3023181B8F3A00DB629A /* Controls */ = {
			isa = PBXGroup;
			children = (
				BBFF3024181B8FB400DB629A /* GalleryViewController.h */,
				BBFF3025181B8FB400DB629A /* GalleryViewController.m */,
				BBFF3027181B934300DB629A /* GalleryViewCell.h */,
				BBFF3028181B934300DB629A /* GalleryViewCell.m */,
				BB6F615E181C7FDE00CF5436 /* TagView.h */,
				BB6F615F181C7FDE00CF5436 /* TagView.m */,
			);
			path = Controls;
			sourceTree = "<group>";
		};
/* End PBXGroup section */

/* Begin PBXNativeTarget section */
		BB468DC61814302C00D99E8F /* iOS 7 Funbox */ = {
			isa = PBXNativeTarget;
			buildConfigurationList = BB468DFC1814302C00D99E8F /* Build configuration list for PBXNativeTarget "iOS 7 Funbox" */;
			buildPhases = (
				51BA98CE0DC44CBE846E98F3 /* Check Pods Manifest.lock */,
				BB468DC31814302C00D99E8F /* Sources */,
				BB468DC41814302C00D99E8F /* Frameworks */,
				BB468DC51814302C00D99E8F /* Resources */,
				39A1B841CDD84A64A9E6E8CC /* Copy Pods Resources */,
			);
			buildRules = (
			);
			dependencies = (
			);
			name = "iOS 7 Funbox";
			productName = "iOS 7 Funbox";
			productReference = BB468DC71814302C00D99E8F /* iOS 7 Funbox.app */;
			productType = "com.apple.product-type.application";
		};
		BB468DEA1814302C00D99E8F /* iOS 7 FunboxTests */ = {
			isa = PBXNativeTarget;
			buildConfigurationList = BB468DFF1814302C00D99E8F /* Build configuration list for PBXNativeTarget "iOS 7 FunboxTests" */;
			buildPhases = (
				BB468DE71814302C00D99E8F /* Sources */,
				BB468DE81814302C00D99E8F /* Frameworks */,
				BB468DE91814302C00D99E8F /* Resources */,
			);
			buildRules = (
			);
			dependencies = (
				BB468DF11814302C00D99E8F /* PBXTargetDependency */,
			);
			name = "iOS 7 FunboxTests";
			productName = "iOS 7 FunboxTests";
			productReference = BB468DEB1814302C00D99E8F /* iOS 7 FunboxTests.xctest */;
			productType = "com.apple.product-type.bundle.unit-test";
		};
/* End PBXNativeTarget section */

/* Begin PBXProject section */
		BB468DBF1814302C00D99E8F /* Project object */ = {
			isa = PBXProject;
			attributes = {
				LastUpgradeCheck = 0500;
				ORGANIZATIONNAME = "Nanyi Jiang";
				TargetAttributes = {
					BB468DC61814302C00D99E8F = {
						DevelopmentTeam = DK4UGG8Y5L;
					};
					BB468DEA1814302C00D99E8F = {
						TestTargetID = BB468DC61814302C00D99E8F;
					};
				};
			};
			buildConfigurationList = BB468DC21814302C00D99E8F /* Build configuration list for PBXProject "iOS 7 Funbox" */;
			compatibilityVersion = "Xcode 3.2";
			developmentRegion = English;
			hasScannedForEncodings = 0;
			knownRegions = (
				en,
				Base,
			);
			mainGroup = BB468DBE1814302C00D99E8F;
			productRefGroup = BB468DC81814302C00D99E8F /* Products */;
			projectDirPath = "";
			projectRoot = "";
			targets = (
				BB468DC61814302C00D99E8F /* iOS 7 Funbox */,
				BB468DEA1814302C00D99E8F /* iOS 7 FunboxTests */,
			);
		};
/* End PBXProject section */

/* Begin PBXResourcesBuildPhase section */
		BB468DC51814302C00D99E8F /* Resources */ = {
			isa = PBXResourcesBuildPhase;
			buildActionMask = 2147483647;
			files = (
				BBBFA92B181A06AB00000894 /* scene.JPG in Resources */,
				BB468DE11814302C00D99E8F /* Main_iPad.storyboard in Resources */,
				BB468DE61814302C00D99E8F /* Images.xcassets in Resources */,
				BB468DDE1814302C00D99E8F /* Main_iPhone.storyboard in Resources */,
				BB468DD51814302C00D99E8F /* InfoPlist.strings in Resources */,
			);
			runOnlyForDeploymentPostprocessing = 0;
		};
		BB468DE91814302C00D99E8F /* Resources */ = {
			isa = PBXResourcesBuildPhase;
			buildActionMask = 2147483647;
			files = (
				BB468DF71814302C00D99E8F /* InfoPlist.strings in Resources */,
			);
			runOnlyForDeploymentPostprocessing = 0;
		};
/* End PBXResourcesBuildPhase section */

/* Begin PBXShellScriptBuildPhase section */
		39A1B841CDD84A64A9E6E8CC /* Copy Pods Resources */ = {
			isa = PBXShellScriptBuildPhase;
			buildActionMask = 2147483647;
			files = (
			);
			inputPaths = (
			);
			name = "Copy Pods Resources";
			outputPaths = (
			);
			runOnlyForDeploymentPostprocessing = 0;
			shellPath = /bin/sh;
			shellScript = "\"${SRCROOT}/Pods/Pods-resources.sh\"\n";
			showEnvVarsInLog = 0;
		};
		51BA98CE0DC44CBE846E98F3 /* Check Pods Manifest.lock */ = {
			isa = PBXShellScriptBuildPhase;
			buildActionMask = 2147483647;
			files = (
			);
			inputPaths = (
			);
			name = "Check Pods Manifest.lock";
			outputPaths = (
			);
			runOnlyForDeploymentPostprocessing = 0;
			shellPath = /bin/sh;
			shellScript = "diff \"${PODS_ROOT}/../Podfile.lock\" \"${PODS_ROOT}/Manifest.lock\" > /dev/null\nif [[ $? != 0 ]] ; then\n    cat << EOM\nerror: The sandbox is not in sync with the Podfile.lock. Run 'pod install' or update your CocoaPods installation.\nEOM\n    exit 1\nfi\n";
			showEnvVarsInLog = 0;
		};
/* End PBXShellScriptBuildPhase section */

/* Begin PBXSourcesBuildPhase section */
		BB468DC31814302C00D99E8F /* Sources */ = {
			isa = PBXSourcesBuildPhase;
			buildActionMask = 2147483647;
			files = (
				BBCF51E2181B731B00395D7C /* TGTransitionAnimator.m in Sources */,
				BB6F6160181C7FDE00CF5436 /* TagView.m in Sources */,
				BBFF3026181B8FB400DB629A /* GalleryViewController.m in Sources */,
				BB468DDB1814302C00D99E8F /* AppDelegate.m in Sources */,
				BB468DD71814302C00D99E8F /* main.m in Sources */,
				BBFF3029181B934300DB629A /* GalleryViewCell.m in Sources */,
				BB905EAB181A0B4100D53D5C /* ImageBoxViewController.m in Sources */,
				BBBFA929181A01CB00000894 /* PlaygroundViewController.m in Sources */,
				BB905EAF181A2CEF00D53D5C /* TourViewController.m in Sources */,
				BBCF51DF181B704000395D7C /* DetailViewController.m in Sources */,
			);
			runOnlyForDeploymentPostprocessing = 0;
		};
		BB468DE71814302C00D99E8F /* Sources */ = {
			isa = PBXSourcesBuildPhase;
			buildActionMask = 2147483647;
			files = (
				BB468DF91814302C00D99E8F /* iOS_7_FunboxTests.m in Sources */,
			);
			runOnlyForDeploymentPostprocessing = 0;
		};
/* End PBXSourcesBuildPhase section */

/* Begin PBXTargetDependency section */
		BB468DF11814302C00D99E8F /* PBXTargetDependency */ = {
			isa = PBXTargetDependency;
			target = BB468DC61814302C00D99E8F /* iOS 7 Funbox */;
			targetProxy = BB468DF01814302C00D99E8F /* PBXContainerItemProxy */;
		};
/* End PBXTargetDependency section */

/* Begin PBXVariantGroup section */
		BB468DD31814302C00D99E8F /* InfoPlist.strings */ = {
			isa = PBXVariantGroup;
			children = (
				BB468DD41814302C00D99E8F /* en */,
			);
			name = InfoPlist.strings;
			sourceTree = "<group>";
		};
		BB468DDC1814302C00D99E8F /* Main_iPhone.storyboard */ = {
			isa = PBXVariantGroup;
			children = (
				BB468DDD1814302C00D99E8F /* Base */,
			);
			name = Main_iPhone.storyboard;
			sourceTree = "<group>";
		};
		BB468DDF1814302C00D99E8F /* Main_iPad.storyboard */ = {
			isa = PBXVariantGroup;
			children = (
				BB468DE01814302C00D99E8F /* Base */,
			);
			name = Main_iPad.storyboard;
			sourceTree = "<group>";
		};
		BB468DF51814302C00D99E8F /* InfoPlist.strings */ = {
			isa = PBXVariantGroup;
			children = (
				BB468DF61814302C00D99E8F /* en */,
			);
			name = InfoPlist.strings;
			sourceTree = "<group>";
		};
/* End PBXVariantGroup section */

/* Begin XCBuildConfiguration section */
		BB468DFA1814302C00D99E8F /* Debug */ = {
			isa = XCBuildConfiguration;
			buildSettings = {
				ALWAYS_SEARCH_USER_PATHS = NO;
				ARCHS = "$(ARCHS_STANDARD_INCLUDING_64_BIT)";
				CLANG_CXX_LANGUAGE_STANDARD = "gnu++0x";
				CLANG_CXX_LIBRARY = "libc++";
				CLANG_ENABLE_MODULES = YES;
				CLANG_ENABLE_OBJC_ARC = YES;
				CLANG_WARN_BOOL_CONVERSION = YES;
				CLANG_WARN_CONSTANT_CONVERSION = YES;
				CLANG_WARN_DIRECT_OBJC_ISA_USAGE = YES_ERROR;
				CLANG_WARN_EMPTY_BODY = YES;
				CLANG_WARN_ENUM_CONVERSION = YES;
				CLANG_WARN_INT_CONVERSION = YES;
				CLANG_WARN_OBJC_ROOT_CLASS = YES_ERROR;
				CLANG_WARN__DUPLICATE_METHOD_MATCH = YES;
				"CODE_SIGN_IDENTITY[sdk=iphoneos*]" = "iPhone Developer";
				COPY_PHASE_STRIP = NO;
				GCC_C_LANGUAGE_STANDARD = gnu99;
				GCC_DYNAMIC_NO_PIC = NO;
				GCC_OPTIMIZATION_LEVEL = 0;
				GCC_PREPROCESSOR_DEFINITIONS = (
					"DEBUG=1",
					"$(inherited)",
				);
				GCC_SYMBOLS_PRIVATE_EXTERN = NO;
				GCC_WARN_64_TO_32_BIT_CONVERSION = YES;
				GCC_WARN_ABOUT_RETURN_TYPE = YES_ERROR;
				GCC_WARN_UNDECLARED_SELECTOR = YES;
				GCC_WARN_UNINITIALIZED_AUTOS = YES;
				GCC_WARN_UNUSED_FUNCTION = YES;
				GCC_WARN_UNUSED_VARIABLE = YES;
				IPHONEOS_DEPLOYMENT_TARGET = 7.0;
				ONLY_ACTIVE_ARCH = YES;
				SDKROOT = iphoneos;
				TARGETED_DEVICE_FAMILY = "1,2";
			};
			name = Debug;
		};
		BB468DFB1814302C00D99E8F /* Release */ = {
			isa = XCBuildConfiguration;
			buildSettings = {
				ALWAYS_SEARCH_USER_PATHS = NO;
				ARCHS = "$(ARCHS_STANDARD_INCLUDING_64_BIT)";
				CLANG_CXX_LANGUAGE_STANDARD = "gnu++0x";
				CLANG_CXX_LIBRARY = "libc++";
				CLANG_ENABLE_MODULES = YES;
				CLANG_ENABLE_OBJC_ARC = YES;
				CLANG_WARN_BOOL_CONVERSION = YES;
				CLANG_WARN_CONSTANT_CONVERSION = YES;
				CLANG_WARN_DIRECT_OBJC_ISA_USAGE = YES_ERROR;
				CLANG_WARN_EMPTY_BODY = YES;
				CLANG_WARN_ENUM_CONVERSION = YES;
				CLANG_WARN_INT_CONVERSION = YES;
				CLANG_WARN_OBJC_ROOT_CLASS = YES_ERROR;
				CLANG_WARN__DUPLICATE_METHOD_MATCH = YES;
				"CODE_SIGN_IDENTITY[sdk=iphoneos*]" = "iPhone Developer";
				COPY_PHASE_STRIP = YES;
				ENABLE_NS_ASSERTIONS = NO;
				GCC_C_LANGUAGE_STANDARD = gnu99;
				GCC_WARN_64_TO_32_BIT_CONVERSION = YES;
				GCC_WARN_ABOUT_RETURN_TYPE = YES_ERROR;
				GCC_WARN_UNDECLARED_SELECTOR = YES;
				GCC_WARN_UNINITIALIZED_AUTOS = YES;
				GCC_WARN_UNUSED_FUNCTION = YES;
				GCC_WARN_UNUSED_VARIABLE = YES;
				IPHONEOS_DEPLOYMENT_TARGET = 7.0;
				SDKROOT = iphoneos;
				TARGETED_DEVICE_FAMILY = "1,2";
				VALIDATE_PRODUCT = YES;
			};
			name = Release;
		};
		BB468DFD1814302C00D99E8F /* Debug */ = {
			isa = XCBuildConfiguration;
			baseConfigurationReference = 3180E944A9D14AD78D524B1E /* Pods.xcconfig */;
			buildSettings = {
				ASSETCATALOG_COMPILER_APPICON_NAME = AppIcon;
				ASSETCATALOG_COMPILER_LAUNCHIMAGE_NAME = LaunchImage;
				CODE_SIGN_IDENTITY = "iPhone Developer";
				"CODE_SIGN_IDENTITY[sdk=iphoneos*]" = "iPhone Developer";
				GCC_PRECOMPILE_PREFIX_HEADER = YES;
				GCC_PREFIX_HEADER = "iOS 7 Funbox/iOS 7 Funbox-Prefix.pch";
				INFOPLIST_FILE = "iOS 7 Funbox/iOS 7 Funbox-Info.plist";
				PRODUCT_NAME = "$(TARGET_NAME)";
				PROVISIONING_PROFILE = "";
				WRAPPER_EXTENSION = app;
			};
			name = Debug;
		};
		BB468DFE1814302C00D99E8F /* Release */ = {
			isa = XCBuildConfiguration;
			baseConfigurationReference = 3180E944A9D14AD78D524B1E /* Pods.xcconfig */;
			buildSettings = {
				ASSETCATALOG_COMPILER_APPICON_NAME = AppIcon;
				ASSETCATALOG_COMPILER_LAUNCHIMAGE_NAME = LaunchImage;
				CODE_SIGN_IDENTITY = "iPhone Developer";
				"CODE_SIGN_IDENTITY[sdk=iphoneos*]" = "iPhone Developer";
				GCC_PRECOMPILE_PREFIX_HEADER = YES;
				GCC_PREFIX_HEADER = "iOS 7 Funbox/iOS 7 Funbox-Prefix.pch";
				INFOPLIST_FILE = "iOS 7 Funbox/iOS 7 Funbox-Info.plist";
				PRODUCT_NAME = "$(TARGET_NAME)";
				PROVISIONING_PROFILE = "";
				WRAPPER_EXTENSION = app;
			};
			name = Release;
		};
		BB468E001814302C00D99E8F /* Debug */ = {
			isa = XCBuildConfiguration;
			buildSettings = {
				ARCHS = "$(ARCHS_STANDARD_INCLUDING_64_BIT)";
				BUNDLE_LOADER = "$(BUILT_PRODUCTS_DIR)/iOS 7 Funbox.app/iOS 7 Funbox";
				FRAMEWORK_SEARCH_PATHS = (
					"$(SDKROOT)/Developer/Library/Frameworks",
					"$(inherited)",
					"$(DEVELOPER_FRAMEWORKS_DIR)",
				);
				GCC_PRECOMPILE_PREFIX_HEADER = YES;
				GCC_PREFIX_HEADER = "iOS 7 Funbox/iOS 7 Funbox-Prefix.pch";
				GCC_PREPROCESSOR_DEFINITIONS = (
					"DEBUG=1",
					"$(inherited)",
				);
				INFOPLIST_FILE = "iOS 7 FunboxTests/iOS 7 FunboxTests-Info.plist";
				PRODUCT_NAME = "$(TARGET_NAME)";
				TEST_HOST = "$(BUNDLE_LOADER)";
				WRAPPER_EXTENSION = xctest;
			};
			name = Debug;
		};
		BB468E011814302C00D99E8F /* Release */ = {
			isa = XCBuildConfiguration;
			buildSettings = {
				ARCHS = "$(ARCHS_STANDARD_INCLUDING_64_BIT)";
				BUNDLE_LOADER = "$(BUILT_PRODUCTS_DIR)/iOS 7 Funbox.app/iOS 7 Funbox";
				FRAMEWORK_SEARCH_PATHS = (
					"$(SDKROOT)/Developer/Library/Frameworks",
					"$(inherited)",
					"$(DEVELOPER_FRAMEWORKS_DIR)",
				);
				GCC_PRECOMPILE_PREFIX_HEADER = YES;
				GCC_PREFIX_HEADER = "iOS 7 Funbox/iOS 7 Funbox-Prefix.pch";
				INFOPLIST_FILE = "iOS 7 FunboxTests/iOS 7 FunboxTests-Info.plist";
				PRODUCT_NAME = "$(TARGET_NAME)";
				TEST_HOST = "$(BUNDLE_LOADER)";
				WRAPPER_EXTENSION = xctest;
			};
			name = Release;
		};
/* End XCBuildConfiguration section */

/* Begin XCConfigurationList section */
		BB468DC21814302C00D99E8F /* Build configuration list for PBXProject "iOS 7 Funbox" */ = {
			isa = XCConfigurationList;
			buildConfigurations = (
				BB468DFA1814302C00D99E8F /* Debug */,
				BB468DFB1814302C00D99E8F /* Release */,
			);
			defaultConfigurationIsVisible = 0;
			defaultConfigurationName = Release;
		};
		BB468DFC1814302C00D99E8F /* Build configuration list for PBXNativeTarget "iOS 7 Funbox" */ = {
			isa = XCConfigurationList;
			buildConfigurations = (
				BB468DFD1814302C00D99E8F /* Debug */,
				BB468DFE1814302C00D99E8F /* Release */,
			);
			defaultConfigurationIsVisible = 0;
			defaultConfigurationName = Release;
		};
		BB468DFF1814302C00D99E8F /* Build configuration list for PBXNativeTarget "iOS 7 FunboxTests" */ = {
			isa = XCConfigurationList;
			buildConfigurations = (
				BB468E001814302C00D99E8F /* Debug */,
				BB468E011814302C00D99E8F /* Release */,
			);
			defaultConfigurationIsVisible = 0;
			defaultConfigurationName = Release;
		};
/* End XCConfigurationList section */
	};
	rootObject = BB468DBF1814302C00D99E8F /* Project object */;
}
